version = 1
revision = 1
requires-python = ">=3.12, <4.0"

[[package]]
name = "beautifulsoup4"
version = "4.13.4"
source = { registry = "https://pypi.org/simple" }
dependencies = [
    { name = "soupsieve" },
    { name = "typing-extensions" },
]
sdist = { url = "https://files.pythonhosted.org/packages/d8/e4/0c4c39e18fd76d6a628d4dd8da40543d136ce2d1752bd6eeeab0791f4d6b/beautifulsoup4-4.13.4.tar.gz", hash = "sha256:dbb3c4e1ceae6aefebdaf2423247260cd062430a410e38c66f2baa50a8437195", size = 621067 }
wheels = [
    { url = "https://files.pythonhosted.org/packages/50/cd/30110dc0ffcf3b131156077b90e9f60ed75711223f306da4db08eff8403b/beautifulsoup4-4.13.4-py3-none-any.whl", hash = "sha256:9bbbb14bfde9d79f38b8cd5f8c7c85f4b8f2523190ebed90e950a8dea4cb1c4b", size = 187285 },
]

[[package]]
name = "blurhash"
version = "1.1.4"
source = { registry = "https://pypi.org/simple" }
sdist = { url = "https://files.pythonhosted.org/packages/02/96/363eae896ec6a699dfc63f19f9b857c09294fe4d791198f002baa495fc4e/blurhash-1.1.4.tar.gz", hash = "sha256:da56b163e5a816e4ad07172f5639287698e09d7f3dc38d18d9726d9c1dbc4cee", size = 4738 }
wheels = [
    { url = "https://files.pythonhosted.org/packages/80/08/163cb166a2464223a5eb8890a92cc1cf7e8c7c79a2c75e497e3d8f3a4711/blurhash-1.1.4-py2.py3-none-any.whl", hash = "sha256:7611c1bc41383d2349b6129208587b5d61e8792ce953893cb49c38beeb400d1d", size = 5307 },
]

[[package]]
name = "certifi"
version = "2025.1.31"
source = { registry = "https://pypi.org/simple" }
sdist = { url = "https://files.pythonhosted.org/packages/1c/ab/c9f1e32b7b1bf505bf26f0ef697775960db7932abeb7b516de930ba2705f/certifi-2025.1.31.tar.gz", hash = "sha256:3d5da6925056f6f18f119200434a4780a94263f10d1c21d032a6f6b2baa20651", size = 167577 }
wheels = [
    { url = "https://files.pythonhosted.org/packages/38/fc/bce832fd4fd99766c04d1ee0eead6b0ec6486fb100ae5e74c1d91292b982/certifi-2025.1.31-py3-none-any.whl", hash = "sha256:ca78db4565a652026a4db2bcdf68f2fb589ea80d0be70e03929ed730746b84fe", size = 166393 },
]

[[package]]
name = "charset-normalizer"
version = "3.4.1"
source = { registry = "https://pypi.org/simple" }
sdist = { url = "https://files.pythonhosted.org/packages/16/b0/572805e227f01586461c80e0fd25d65a2115599cc9dad142fee4b747c357/charset_normalizer-3.4.1.tar.gz", hash = "sha256:44251f18cd68a75b56585dd00dae26183e102cd5e0f9f1466e6df5da2ed64ea3", size = 123188 }
wheels = [
    { url = "https://files.pythonhosted.org/packages/0a/9a/dd1e1cdceb841925b7798369a09279bd1cf183cef0f9ddf15a3a6502ee45/charset_normalizer-3.4.1-cp312-cp312-macosx_10_13_universal2.whl", hash = "sha256:73d94b58ec7fecbc7366247d3b0b10a21681004153238750bb67bd9012414545", size = 196105 },
    { url = "https://files.pythonhosted.org/packages/d3/8c/90bfabf8c4809ecb648f39794cf2a84ff2e7d2a6cf159fe68d9a26160467/charset_normalizer-3.4.1-cp312-cp312-manylinux_2_17_aarch64.manylinux2014_aarch64.whl", hash = "sha256:dad3e487649f498dd991eeb901125411559b22e8d7ab25d3aeb1af367df5efd7", size = 140404 },
    { url = "https://files.pythonhosted.org/packages/ad/8f/e410d57c721945ea3b4f1a04b74f70ce8fa800d393d72899f0a40526401f/charset_normalizer-3.4.1-cp312-cp312-manylinux_2_17_ppc64le.manylinux2014_ppc64le.whl", hash = "sha256:c30197aa96e8eed02200a83fba2657b4c3acd0f0aa4bdc9f6c1af8e8962e0757", size = 150423 },
    { url = "https://files.pythonhosted.org/packages/f0/b8/e6825e25deb691ff98cf5c9072ee0605dc2acfca98af70c2d1b1bc75190d/charset_normalizer-3.4.1-cp312-cp312-manylinux_2_17_s390x.manylinux2014_s390x.whl", hash = "sha256:2369eea1ee4a7610a860d88f268eb39b95cb588acd7235e02fd5a5601773d4fa", size = 143184 },
    { url = "https://files.pythonhosted.org/packages/3e/a2/513f6cbe752421f16d969e32f3583762bfd583848b763913ddab8d9bfd4f/charset_normalizer-3.4.1-cp312-cp312-manylinux_2_17_x86_64.manylinux2014_x86_64.whl", hash = "sha256:bc2722592d8998c870fa4e290c2eec2c1569b87fe58618e67d38b4665dfa680d", size = 145268 },
    { url = "https://files.pythonhosted.org/packages/74/94/8a5277664f27c3c438546f3eb53b33f5b19568eb7424736bdc440a88a31f/charset_normalizer-3.4.1-cp312-cp312-manylinux_2_5_i686.manylinux1_i686.manylinux_2_17_i686.manylinux2014_i686.whl", hash = "sha256:ffc9202a29ab3920fa812879e95a9e78b2465fd10be7fcbd042899695d75e616", size = 147601 },
    { url = "https://files.pythonhosted.org/packages/7c/5f/6d352c51ee763623a98e31194823518e09bfa48be2a7e8383cf691bbb3d0/charset_normalizer-3.4.1-cp312-cp312-musllinux_1_2_aarch64.whl", hash = "sha256:804a4d582ba6e5b747c625bf1255e6b1507465494a40a2130978bda7b932c90b", size = 141098 },
    { url = "https://files.pythonhosted.org/packages/78/d4/f5704cb629ba5ab16d1d3d741396aec6dc3ca2b67757c45b0599bb010478/charset_normalizer-3.4.1-cp312-cp312-musllinux_1_2_i686.whl", hash = "sha256:0f55e69f030f7163dffe9fd0752b32f070566451afe180f99dbeeb81f511ad8d", size = 149520 },
    { url = "https://files.pythonhosted.org/packages/c5/96/64120b1d02b81785f222b976c0fb79a35875457fa9bb40827678e54d1bc8/charset_normalizer-3.4.1-cp312-cp312-musllinux_1_2_ppc64le.whl", hash = "sha256:c4c3e6da02df6fa1410a7680bd3f63d4f710232d3139089536310d027950696a", size = 152852 },
    { url = "https://files.pythonhosted.org/packages/84/c9/98e3732278a99f47d487fd3468bc60b882920cef29d1fa6ca460a1fdf4e6/charset_normalizer-3.4.1-cp312-cp312-musllinux_1_2_s390x.whl", hash = "sha256:5df196eb874dae23dcfb968c83d4f8fdccb333330fe1fc278ac5ceeb101003a9", size = 150488 },
    { url = "https://files.pythonhosted.org/packages/13/0e/9c8d4cb99c98c1007cc11eda969ebfe837bbbd0acdb4736d228ccaabcd22/charset_normalizer-3.4.1-cp312-cp312-musllinux_1_2_x86_64.whl", hash = "sha256:e358e64305fe12299a08e08978f51fc21fac060dcfcddd95453eabe5b93ed0e1", size = 146192 },
    { url = "https://files.pythonhosted.org/packages/b2/21/2b6b5b860781a0b49427309cb8670785aa543fb2178de875b87b9cc97746/charset_normalizer-3.4.1-cp312-cp312-win32.whl", hash = "sha256:9b23ca7ef998bc739bf6ffc077c2116917eabcc901f88da1b9856b210ef63f35", size = 95550 },
    { url = "https://files.pythonhosted.org/packages/21/5b/1b390b03b1d16c7e382b561c5329f83cc06623916aab983e8ab9239c7d5c/charset_normalizer-3.4.1-cp312-cp312-win_amd64.whl", hash = "sha256:6ff8a4a60c227ad87030d76e99cd1698345d4491638dfa6673027c48b3cd395f", size = 102785 },
    { url = "https://files.pythonhosted.org/packages/38/94/ce8e6f63d18049672c76d07d119304e1e2d7c6098f0841b51c666e9f44a0/charset_normalizer-3.4.1-cp313-cp313-macosx_10_13_universal2.whl", hash = "sha256:aabfa34badd18f1da5ec1bc2715cadc8dca465868a4e73a0173466b688f29dda", size = 195698 },
    { url = "https://files.pythonhosted.org/packages/24/2e/dfdd9770664aae179a96561cc6952ff08f9a8cd09a908f259a9dfa063568/charset_normalizer-3.4.1-cp313-cp313-manylinux_2_17_aarch64.manylinux2014_aarch64.whl", hash = "sha256:22e14b5d70560b8dd51ec22863f370d1e595ac3d024cb8ad7d308b4cd95f8313", size = 140162 },
    { url = "https://files.pythonhosted.org/packages/24/4e/f646b9093cff8fc86f2d60af2de4dc17c759de9d554f130b140ea4738ca6/charset_normalizer-3.4.1-cp313-cp313-manylinux_2_17_ppc64le.manylinux2014_ppc64le.whl", hash = "sha256:8436c508b408b82d87dc5f62496973a1805cd46727c34440b0d29d8a2f50a6c9", size = 150263 },
    { url = "https://files.pythonhosted.org/packages/5e/67/2937f8d548c3ef6e2f9aab0f6e21001056f692d43282b165e7c56023e6dd/charset_normalizer-3.4.1-cp313-cp313-manylinux_2_17_s390x.manylinux2014_s390x.whl", hash = "sha256:2d074908e1aecee37a7635990b2c6d504cd4766c7bc9fc86d63f9c09af3fa11b", size = 142966 },
    { url = "https://files.pythonhosted.org/packages/52/ed/b7f4f07de100bdb95c1756d3a4d17b90c1a3c53715c1a476f8738058e0fa/charset_normalizer-3.4.1-cp313-cp313-manylinux_2_17_x86_64.manylinux2014_x86_64.whl", hash = "sha256:955f8851919303c92343d2f66165294848d57e9bba6cf6e3625485a70a038d11", size = 144992 },
    { url = "https://files.pythonhosted.org/packages/96/2c/d49710a6dbcd3776265f4c923bb73ebe83933dfbaa841c5da850fe0fd20b/charset_normalizer-3.4.1-cp313-cp313-manylinux_2_5_i686.manylinux1_i686.manylinux_2_17_i686.manylinux2014_i686.whl", hash = "sha256:44ecbf16649486d4aebafeaa7ec4c9fed8b88101f4dd612dcaf65d5e815f837f", size = 147162 },
    { url = "https://files.pythonhosted.org/packages/b4/41/35ff1f9a6bd380303dea55e44c4933b4cc3c4850988927d4082ada230273/charset_normalizer-3.4.1-cp313-cp313-musllinux_1_2_aarch64.whl", hash = "sha256:0924e81d3d5e70f8126529951dac65c1010cdf117bb75eb02dd12339b57749dd", size = 140972 },
    { url = "https://files.pythonhosted.org/packages/fb/43/c6a0b685fe6910d08ba971f62cd9c3e862a85770395ba5d9cad4fede33ab/charset_normalizer-3.4.1-cp313-cp313-musllinux_1_2_i686.whl", hash = "sha256:2967f74ad52c3b98de4c3b32e1a44e32975e008a9cd2a8cc8966d6a5218c5cb2", size = 149095 },
    { url = "https://files.pythonhosted.org/packages/4c/ff/a9a504662452e2d2878512115638966e75633519ec11f25fca3d2049a94a/charset_normalizer-3.4.1-cp313-cp313-musllinux_1_2_ppc64le.whl", hash = "sha256:c75cb2a3e389853835e84a2d8fb2b81a10645b503eca9bcb98df6b5a43eb8886", size = 152668 },
    { url = "https://files.pythonhosted.org/packages/6c/71/189996b6d9a4b932564701628af5cee6716733e9165af1d5e1b285c530ed/charset_normalizer-3.4.1-cp313-cp313-musllinux_1_2_s390x.whl", hash = "sha256:09b26ae6b1abf0d27570633b2b078a2a20419c99d66fb2823173d73f188ce601", size = 150073 },
    { url = "https://files.pythonhosted.org/packages/e4/93/946a86ce20790e11312c87c75ba68d5f6ad2208cfb52b2d6a2c32840d922/charset_normalizer-3.4.1-cp313-cp313-musllinux_1_2_x86_64.whl", hash = "sha256:fa88b843d6e211393a37219e6a1c1df99d35e8fd90446f1118f4216e307e48cd", size = 145732 },
    { url = "https://files.pythonhosted.org/packages/cd/e5/131d2fb1b0dddafc37be4f3a2fa79aa4c037368be9423061dccadfd90091/charset_normalizer-3.4.1-cp313-cp313-win32.whl", hash = "sha256:eb8178fe3dba6450a3e024e95ac49ed3400e506fd4e9e5c32d30adda88cbd407", size = 95391 },
    { url = "https://files.pythonhosted.org/packages/27/f2/4f9a69cc7712b9b5ad8fdb87039fd89abba997ad5cbe690d1835d40405b0/charset_normalizer-3.4.1-cp313-cp313-win_amd64.whl", hash = "sha256:b1ac5992a838106edb89654e0aebfc24f5848ae2547d22c2c3f66454daa11971", size = 102702 },
    { url = "https://files.pythonhosted.org/packages/0e/f6/65ecc6878a89bb1c23a086ea335ad4bf21a588990c3f535a227b9eea9108/charset_normalizer-3.4.1-py3-none-any.whl", hash = "sha256:d98b1668f06378c6dbefec3b92299716b931cd4e6061f3c875a71ced1780ab85", size = 49767 },
]

[[package]]
name = "decorator"
version = "5.2.1"
source = { registry = "https://pypi.org/simple" }
sdist = { url = "https://files.pythonhosted.org/packages/43/fa/6d96a0978d19e17b68d634497769987b16c8f4cd0a7a05048bec693caa6b/decorator-5.2.1.tar.gz", hash = "sha256:65f266143752f734b0a7cc83c46f4618af75b8c5911b00ccb61d0ac9b6da0360", size = 56711 }
wheels = [
    { url = "https://files.pythonhosted.org/packages/4e/8c/f3147f5c4b73e7550fe5f9352eaa956ae838d5c51eb58e7a25b9f3e2643b/decorator-5.2.1-py3-none-any.whl", hash = "sha256:d316bb415a2d9e2d2b3abcc4084c6502fc09240e292cd76a76afc106a1c8e04a", size = 9190 },
]

[[package]]
name = "greenlet"
version = "3.2.0"
source = { registry = "https://pypi.org/simple" }
sdist = { url = "https://files.pythonhosted.org/packages/b0/9c/666d8c71b18d0189cf801c0e0b31c4bfc609ac823883286045b1f3ae8994/greenlet-3.2.0.tar.gz", hash = "sha256:1d2d43bd711a43db8d9b9187500e6432ddb4fafe112d082ffabca8660a9e01a7", size = 183685 }
wheels = [
    { url = "https://files.pythonhosted.org/packages/0e/8d/3c55e88ab01866fb696f68d6c94587a1b7ec8c8a9c56b1383ad05bc14811/greenlet-3.2.0-cp312-cp312-macosx_11_0_universal2.whl", hash = "sha256:7d08b88ee8d506ca1f5b2a58744e934d33c6a1686dd83b81e7999dfc704a912f", size = 270391 },
    { url = "https://files.pythonhosted.org/packages/8b/6f/4a15185a386992ba4fbb55f88c1a189b75c7ce6e145b43ae4e50754d1969/greenlet-3.2.0-cp312-cp312-manylinux_2_17_aarch64.manylinux2014_aarch64.whl", hash = "sha256:58ef3d637c54e2f079064ca936556c4af3989144e4154d80cfd4e2a59fc3769c", size = 637202 },
    { url = "https://files.pythonhosted.org/packages/71/f8/60214debfe3b9670bafac97bfc40e318cbddb4ff4b5cf07df119c4a56dcd/greenlet-3.2.0-cp312-cp312-manylinux_2_17_ppc64le.manylinux2014_ppc64le.whl", hash = "sha256:33ea7e7269d6f7275ce31f593d6dcfedd97539c01f63fbdc8d84e493e20b1b2c", size = 651391 },
    { url = "https://files.pythonhosted.org/packages/a9/44/fb5e067a728a4df73a30863973912ba6eb01f3d910caaf129ef789ca222d/greenlet-3.2.0-cp312-cp312-manylinux_2_17_s390x.manylinux2014_s390x.whl", hash = "sha256:e61d426969b68b2170a9f853cc36d5318030494576e9ec0bfe2dc2e2afa15a68", size = 646118 },
    { url = "https://files.pythonhosted.org/packages/f0/3e/f329b452869d8bc07dbaa112c0175de5e666a7d15eb243781481fb59b863/greenlet-3.2.0-cp312-cp312-manylinux_2_17_x86_64.manylinux2014_x86_64.whl", hash = "sha256:04e781447a4722e30b4861af728cb878d73a3df79509dc19ea498090cea5d204", size = 648079 },
    { url = "https://files.pythonhosted.org/packages/56/e5/813a2e8e842289579391cbd3ae6e6e6a3d2fcad8bdd89bd549a4035ab057/greenlet-3.2.0-cp312-cp312-manylinux_2_24_x86_64.manylinux_2_28_x86_64.whl", hash = "sha256:b2392cc41eeed4055978c6b52549ccd9effd263bb780ffd639c0e1e7e2055ab0", size = 603825 },
    { url = "https://files.pythonhosted.org/packages/4a/11/0bad66138622d0c1463b0b87935cefd397f9f04fac325a838525a3aa4da7/greenlet-3.2.0-cp312-cp312-musllinux_1_1_aarch64.whl", hash = "sha256:430cba962c85e339767235a93450a6aaffed6f9c567e73874ea2075f5aae51e1", size = 1119582 },
    { url = "https://files.pythonhosted.org/packages/17/26/0f8a4d222b9014af88bb8b5d921305308dd44de667c01714817dc9fb91fb/greenlet-3.2.0-cp312-cp312-musllinux_1_1_x86_64.whl", hash = "sha256:5e57ff52315bfc0c5493917f328b8ba3ae0c0515d94524453c4d24e7638cbb53", size = 1147452 },
    { url = "https://files.pythonhosted.org/packages/8a/d4/70d262492338c4939f97dca310c45b002a3af84b265720f0e9b135bc85b2/greenlet-3.2.0-cp312-cp312-win_amd64.whl", hash = "sha256:211a9721f540e454a02e62db7956263e9a28a6cf776d4b9a7213844e36426333", size = 296217 },
    { url = "https://files.pythonhosted.org/packages/c9/43/c0b655d4d7eae19282b028bcec449e5c80626ad0d8d0ca3703f9b1c29258/greenlet-3.2.0-cp313-cp313-macosx_11_0_universal2.whl", hash = "sha256:b86a3ccc865ae601f446af042707b749eebc297928ea7bd0c5f60c56525850be", size = 269131 },
    { url = "https://files.pythonhosted.org/packages/7c/7d/c8f51c373c7f7ac0f73d04a6fd77ab34f6f643cb41a0d186d05ba96708e7/greenlet-3.2.0-cp313-cp313-manylinux_2_17_aarch64.manylinux2014_aarch64.whl", hash = "sha256:144283ad88ed77f3ebd74710dd419b55dd15d18704b0ae05935766a93f5671c5", size = 637323 },
    { url = "https://files.pythonhosted.org/packages/89/65/c3ee41b2e56586737d6e124b250583695628ffa6b324855b3a1267a8d1d9/greenlet-3.2.0-cp313-cp313-manylinux_2_17_ppc64le.manylinux2014_ppc64le.whl", hash = "sha256:5be69cd50994b8465c3ad1467f9e63001f76e53a89440ad4440d1b6d52591280", size = 651430 },
    { url = "https://files.pythonhosted.org/packages/f0/07/33bd7a3dcde1db7259371d026ce76be1eb653d2d892334fc79a500b3c5ee/greenlet-3.2.0-cp313-cp313-manylinux_2_17_s390x.manylinux2014_s390x.whl", hash = "sha256:47aeadd1e8fbdef8fdceb8fb4edc0cbb398a57568d56fd68f2bc00d0d809e6b6", size = 645798 },
    { url = "https://files.pythonhosted.org/packages/35/5b/33c221a6a867030b0b770513a1b78f6c30e04294131dafdc8da78906bbe6/greenlet-3.2.0-cp313-cp313-manylinux_2_17_x86_64.manylinux2014_x86_64.whl", hash = "sha256:18adc14ab154ca6e53eecc9dc50ff17aeb7ba70b7e14779b26e16d71efa90038", size = 648271 },
    { url = "https://files.pythonhosted.org/packages/4d/dd/d6452248fa6093504e3b7525dc2bdc4e55a4296ec6ee74ba241a51d852e2/greenlet-3.2.0-cp313-cp313-manylinux_2_24_x86_64.manylinux_2_28_x86_64.whl", hash = "sha256:e8622b33d8694ec373ad55050c3d4e49818132b44852158442e1931bb02af336", size = 606779 },
    { url = "https://files.pythonhosted.org/packages/9d/24/160f04d2589bcb15b8661dcd1763437b22e01643626899a4139bf98f02af/greenlet-3.2.0-cp313-cp313-musllinux_1_1_aarch64.whl", hash = "sha256:e8ac9a2c20fbff3d0b853e9ef705cdedb70d9276af977d1ec1cde86a87a4c821", size = 1117968 },
    { url = "https://files.pythonhosted.org/packages/6c/ff/c6e3f3a5168fef5209cfd9498b2b5dd77a0bf29dfc686a03dcc614cf4432/greenlet-3.2.0-cp313-cp313-musllinux_1_1_x86_64.whl", hash = "sha256:cd37273dc7ca1d5da149b58c8b3ce0711181672ba1b09969663905a765affe21", size = 1145510 },
    { url = "https://files.pythonhosted.org/packages/dc/62/5215e374819052e542b5bde06bd7d4a171454b6938c96a2384f21cb94279/greenlet-3.2.0-cp313-cp313-win_amd64.whl", hash = "sha256:8a8940a8d301828acd8b9f3f85db23069a692ff2933358861b19936e29946b95", size = 296004 },
    { url = "https://files.pythonhosted.org/packages/62/6d/dc9c909cba5cbf4b0833fce69912927a8ca74791c23c47b9fd4f28092108/greenlet-3.2.0-cp313-cp313t-manylinux_2_17_aarch64.manylinux2014_aarch64.whl", hash = "sha256:ee59db626760f1ca8da697a086454210d36a19f7abecc9922a2374c04b47735b", size = 629900 },
    { url = "https://files.pythonhosted.org/packages/5e/a9/f3f304fbbbd604858ff3df303d7fa1d8f7f9e45a6ef74481aaf03aaac021/greenlet-3.2.0-cp313-cp313t-manylinux_2_17_ppc64le.manylinux2014_ppc64le.whl", hash = "sha256:7154b13ef87a8b62fc05419f12d75532d7783586ad016c57b5de8a1c6feeb517", size = 635270 },
    { url = "https://files.pythonhosted.org/packages/34/92/4b7b4e2e23ecc723cceef9fe3898e78c8e14e106cc7ba2f276a66161da3e/greenlet-3.2.0-cp313-cp313t-manylinux_2_17_s390x.manylinux2014_s390x.whl", hash = "sha256:199453d64b02d0c9d139e36d29681efd0e407ed8e2c0bf89d88878d6a787c28f", size = 632534 },
    { url = "https://files.pythonhosted.org/packages/da/7f/91f0ecbe72c9d789fb7f400b39da9d1e87fcc2cf8746a9636479ba79ab01/greenlet-3.2.0-cp313-cp313t-manylinux_2_17_x86_64.manylinux2014_x86_64.whl", hash = "sha256:0010e928e1901d36625f21d008618273f9dda26b516dbdecf873937d39c9dff0", size = 628826 },
    { url = "https://files.pythonhosted.org/packages/9f/59/e449a44ce52b13751f55376d85adc155dd311608f6d2aa5b6bd2c8d15486/greenlet-3.2.0-cp313-cp313t-manylinux_2_24_x86_64.manylinux_2_28_x86_64.whl", hash = "sha256:6005f7a86de836a1dc4b8d824a2339cdd5a1ca7cb1af55ea92575401f9952f4c", size = 593697 },
    { url = "https://files.pythonhosted.org/packages/bb/09/cca3392927c5c990b7a8ede64ccd0712808438d6490d63ce6b8704d6df5f/greenlet-3.2.0-cp313-cp313t-musllinux_1_1_aarch64.whl", hash = "sha256:17fd241c0d50bacb7ce8ff77a30f94a2d0ca69434ba2e0187cf95a5414aeb7e1", size = 1105762 },
    { url = "https://files.pythonhosted.org/packages/4d/b9/3d201f819afc3b7a8cd7ebe645f1a17799603e2d62c968154518f79f4881/greenlet-3.2.0-cp313-cp313t-musllinux_1_1_x86_64.whl", hash = "sha256:7b17a26abc6a1890bf77d5d6b71c0999705386b00060d15c10b8182679ff2790", size = 1125173 },
    { url = "https://files.pythonhosted.org/packages/80/7b/773a30602234597fc2882091f8e1d1a38ea0b4419d99ca7ed82c827e2c3a/greenlet-3.2.0-cp314-cp314-macosx_11_0_universal2.whl", hash = "sha256:397b6bbda06f8fe895893d96218cd6f6d855a6701dc45012ebe12262423cec8b", size = 269908 },
]

[[package]]
name = "idna"
version = "3.10"
source = { registry = "https://pypi.org/simple" }
sdist = { url = "https://files.pythonhosted.org/packages/f1/70/7703c29685631f5a7590aa73f1f1d3fa9a380e654b86af429e0934a32f7d/idna-3.10.tar.gz", hash = "sha256:12f65c9b470abda6dc35cf8e63cc574b1c52b11df2c86030af0ac09b01b13ea9", size = 190490 }
wheels = [
    { url = "https://files.pythonhosted.org/packages/76/c6/c88e154df9c4e1a2a66ccf0005a88dfb2650c1dffb6f5ce603dfbd452ce3/idna-3.10-py3-none-any.whl", hash = "sha256:946d195a0d259cbba61165e88e65941f16e9b36ea6ddb97f00452bae8b1287d3", size = 70442 },
]

[[package]]
name = "lxml"
version = "4.9.4"
source = { registry = "https://pypi.org/simple" }
sdist = { url = "https://files.pythonhosted.org/packages/84/14/c2070b5e37c650198de8328467dd3d1681e80986f81ba0fea04fc4ec9883/lxml-4.9.4.tar.gz", hash = "sha256:b1541e50b78e15fa06a2670157a1962ef06591d4c998b998047fff5e3236880e", size = 3576664 }
wheels = [
    { url = "https://files.pythonhosted.org/packages/5c/ac/0abe4b25cae50247c5130539d0f45a201dbfe0ba69d3dd844411f90c9930/lxml-4.9.4-cp312-cp312-macosx_11_0_universal2.whl", hash = "sha256:dbcb2dc07308453db428a95a4d03259bd8caea97d7f0776842299f2d00c72fc8", size = 8624172 },
    { url = "https://files.pythonhosted.org/packages/33/e6/47c4675f0c58398c924915379eee8458bf7954644a7907ad8fbc1c42a380/lxml-4.9.4-cp312-cp312-manylinux_2_28_aarch64.whl", hash = "sha256:01bf1df1db327e748dcb152d17389cf6d0a8c5d533ef9bab781e9d5037619229", size = 7674086 },
    { url = "https://files.pythonhosted.org/packages/be/9e/5d88b189e91fae65140dc29904946297b3d9cfdf5449d4bc6e657a3ffc2d/lxml-4.9.4-cp312-cp312-manylinux_2_28_x86_64.whl", hash = "sha256:e8f9f93a23634cfafbad6e46ad7d09e0f4a25a2400e4a64b1b7b7c0fbaa06d9d", size = 8026189 },
    { url = "https://files.pythonhosted.org/packages/ea/08/ab6c2a803a5d5dce1fbbb32f5c133bbd0ebfe69476ab1eb5ffa3490b0b51/lxml-4.9.4-cp312-cp312-musllinux_1_1_aarch64.whl", hash = "sha256:3f3f00a9061605725df1816f5713d10cd94636347ed651abdbc75828df302b20", size = 7516933 },
    { url = "https://files.pythonhosted.org/packages/43/52/b0d387577620af767c73b8b20f28986e5aad70b44053ee296f8a472a12b1/lxml-4.9.4-cp312-cp312-musllinux_1_1_x86_64.whl", hash = "sha256:953dd5481bd6252bd480d6ec431f61d7d87fdcbbb71b0d2bdcfc6ae00bb6fb10", size = 7815609 },
    { url = "https://files.pythonhosted.org/packages/be/13/18230c0d567ed282a3d7b61395323e2ef8fc9ad64096fdd3d1b384fa3e3c/lxml-4.9.4-cp312-cp312-win32.whl", hash = "sha256:266f655d1baff9c47b52f529b5f6bec33f66042f65f7c56adde3fcf2ed62ae8b", size = 3460500 },
    { url = "https://files.pythonhosted.org/packages/5f/df/6d15cc415e04724ba4c141051cf43709e09bbcdd9868a6c2e7a7073ef498/lxml-4.9.4-cp312-cp312-win_amd64.whl", hash = "sha256:f1faee2a831fe249e1bae9cbc68d3cd8a30f7e37851deee4d7962b17c410dd56", size = 3773977 },
]

[[package]]
name = "mastodon-py"
version = "1.8.1"
source = { registry = "https://pypi.org/simple" }
dependencies = [
    { name = "blurhash" },
    { name = "decorator" },
    { name = "python-dateutil" },
    { name = "python-magic", marker = "sys_platform != 'win32'" },
    { name = "python-magic-bin", marker = "sys_platform == 'win32'" },
    { name = "requests" },
    { name = "six" },
]
sdist = { url = "https://files.pythonhosted.org/packages/cc/7a/240ac474f69a58a5dda0513557fe9c2ada279f7d5d836b93d5f6e05a9aa7/Mastodon.py-1.8.1.tar.gz", hash = "sha256:4a64cb94abadd6add73e4b8eafdb5c466048fa5f638284fd2189034104d4687e", size = 8694359 }
wheels = [
    { url = "https://files.pythonhosted.org/packages/a0/52/a97c498fbb1fd73cee5fcd3f1979efac39784e3514c4014459f174e3f22a/Mastodon.py-1.8.1-py2.py3-none-any.whl", hash = "sha256:22bc7e060518ef2eaa69d911cde6e4baf56bed5ea0dd407392c49051a7ac526a", size = 65936 },
]

[[package]]
name = "pydantic"
version = "1.10.21"
source = { registry = "https://pypi.org/simple" }
dependencies = [
    { name = "typing-extensions" },
]
sdist = { url = "https://files.pythonhosted.org/packages/c3/e9/d99a2c4f8f6d7c711f39f6ecf485b7f3bba66189bbbad505d24eb0106922/pydantic-1.10.21.tar.gz", hash = "sha256:64b48e2b609a6c22178a56c408ee1215a7206077ecb8a193e2fda31858b2362a", size = 356653 }
wheels = [
    { url = "https://files.pythonhosted.org/packages/5b/bd/abe17640066750dfcf4103065f9af149ba9868276a7d3936365db16dc546/pydantic-1.10.21-cp312-cp312-macosx_10_13_x86_64.whl", hash = "sha256:2ed4a5f13cf160d64aa331ab9017af81f3481cd9fd0e49f1d707b57fe1b9f3ae", size = 2794486 },
    { url = "https://files.pythonhosted.org/packages/7b/d3/75a00f07e247b615002f9423d426191785850ff1bf947803f21b6bce952b/pydantic-1.10.21-cp312-cp312-macosx_11_0_arm64.whl", hash = "sha256:3b7693bb6ed3fbe250e222f9415abb73111bb09b73ab90d2d4d53f6390e0ccc1", size = 2534033 },
    { url = "https://files.pythonhosted.org/packages/6f/65/1e61f78f6d3f2866bb93aa33260cf43cb650dedb403928394d498c7965dd/pydantic-1.10.21-cp312-cp312-manylinux_2_17_x86_64.manylinux2014_x86_64.whl", hash = "sha256:185d5f1dff1fead51766da9b2de4f3dc3b8fca39e59383c273f34a6ae254e3e2", size = 2993618 },
    { url = "https://files.pythonhosted.org/packages/f1/5c/28994d6b1ce73ed3946f2e08aee0f85d6a7bfc5469f5ea40f90c375a4dd7/pydantic-1.10.21-cp312-cp312-manylinux_2_5_i686.manylinux1_i686.manylinux_2_17_i686.manylinux2014_i686.whl", hash = "sha256:38e6d35cf7cd1727822c79e324fa0677e1a08c88a34f56695101f5ad4d5e20e5", size = 3036401 },
    { url = "https://files.pythonhosted.org/packages/86/6b/ec8348dc64257feef791a8e31121e9e29d6d75731cdb914d9815c0677aa1/pydantic-1.10.21-cp312-cp312-musllinux_1_2_i686.whl", hash = "sha256:1d7c332685eafacb64a1a7645b409a166eb7537f23142d26895746f628a3149b", size = 3171262 },
    { url = "https://files.pythonhosted.org/packages/75/c4/901b81093ef73c93190c83e08acbef3ee2796a8d372bda7e8b57d0e94318/pydantic-1.10.21-cp312-cp312-musllinux_1_2_x86_64.whl", hash = "sha256:2c9b782db6f993a36092480eeaab8ba0609f786041b01f39c7c52252bda6d85f", size = 3123215 },
    { url = "https://files.pythonhosted.org/packages/5d/24/f56cc8bdb460872662199a19f4288cc2609f1911298e25f67a57f7397961/pydantic-1.10.21-cp312-cp312-win_amd64.whl", hash = "sha256:7ce64d23d4e71d9698492479505674c5c5b92cda02b07c91dfc13633b2eef805", size = 2189400 },
    { url = "https://files.pythonhosted.org/packages/d4/79/717dc84083fbddc142efbd2bfe887edaf6b52cfd267b030849d43d7ed89a/pydantic-1.10.21-cp313-cp313-macosx_10_13_x86_64.whl", hash = "sha256:0067935d35044950be781933ab91b9a708eaff124bf860fa2f70aeb1c4be7212", size = 2796872 },
    { url = "https://files.pythonhosted.org/packages/79/88/63aa6efc8583e0a73d6d89e6534afd68917da66433a3b23f70ba229b37dc/pydantic-1.10.21-cp313-cp313-macosx_11_0_arm64.whl", hash = "sha256:5e8148c2ce4894ce7e5a4925d9d3fdce429fb0e821b5a8783573f3611933a251", size = 2538273 },
    { url = "https://files.pythonhosted.org/packages/a5/d5/95b88740f8b9ce1b4884a682235db2f7f9327b071a294cf8b4b67beb37f1/pydantic-1.10.21-cp313-cp313-manylinux_2_17_x86_64.manylinux2014_x86_64.whl", hash = "sha256:a4973232c98b9b44c78b1233693e5e1938add5af18042f031737e1214455f9b8", size = 2985789 },
    { url = "https://files.pythonhosted.org/packages/dc/b3/5ffebe4951c9ab2a76e3644a3154545cdbf74a3465a60299af8978abdcec/pydantic-1.10.21-cp313-cp313-manylinux_2_5_i686.manylinux1_i686.manylinux_2_17_i686.manylinux2014_i686.whl", hash = "sha256:662bf5ce3c9b1cef32a32a2f4debe00d2f4839fefbebe1d6956e681122a9c839", size = 3015261 },
    { url = "https://files.pythonhosted.org/packages/49/fb/9c2da63e3b407b3477276c9992fd4359c57483cb6aa760c0bceeabab1f3c/pydantic-1.10.21-cp313-cp313-musllinux_1_2_i686.whl", hash = "sha256:98737c3ab5a2f8a85f2326eebcd214510f898881a290a7939a45ec294743c875", size = 3163989 },
    { url = "https://files.pythonhosted.org/packages/05/a1/4c84b1ce488acd760e9ecd945b3c0ff6ecf1a26186f5eb058bab62d51d68/pydantic-1.10.21-cp313-cp313-musllinux_1_2_x86_64.whl", hash = "sha256:0bb58bbe65a43483d49f66b6c8474424d551a3fbe8a7796c42da314bac712738", size = 3117257 },
    { url = "https://files.pythonhosted.org/packages/8a/a1/4ff39f2e89bf87496b9dc1aa56085848df971b341b14ad9e02a8bc13c966/pydantic-1.10.21-cp313-cp313-win_amd64.whl", hash = "sha256:e622314542fb48542c09c7bd1ac51d71c5632dd3c92dc82ede6da233f55f4848", size = 2172972 },
    { url = "https://files.pythonhosted.org/packages/2d/a8/3e34e7127203ac002e1a5eb45108ef523d9196f75468fde5fdbec7544201/pydantic-1.10.21-py3-none-any.whl", hash = "sha256:db70c920cba9d05c69ad4a9e7f8e9e83011abb2c6490e561de9ae24aee44925c", size = 166430 },
]

[[package]]
name = "python-dateutil"
version = "2.9.0.post0"
source = { registry = "https://pypi.org/simple" }
dependencies = [
    { name = "six" },
]
sdist = { url = "https://files.pythonhosted.org/packages/66/c0/0c8b6ad9f17a802ee498c46e004a0eb49bc148f2fd230864601a86dcf6db/python-dateutil-2.9.0.post0.tar.gz", hash = "sha256:37dd54208da7e1cd875388217d5e00ebd4179249f90fb72437e91a35459a0ad3", size = 342432 }
wheels = [
    { url = "https://files.pythonhosted.org/packages/ec/57/56b9bcc3c9c6a792fcbaf139543cee77261f3651ca9da0c93f5c1221264b/python_dateutil-2.9.0.post0-py2.py3-none-any.whl", hash = "sha256:a8b2bc7bffae282281c8140a97d3aa9c14da0b136dfe83f850eea9a5f7470427", size = 229892 },
]

[[package]]
name = "python-dotenv"
version = "0.21.1"
source = { registry = "https://pypi.org/simple" }
sdist = { url = "https://files.pythonhosted.org/packages/f5/d7/d548e0d5a68b328a8d69af833a861be415a17cb15ce3d8f0cd850073d2e1/python-dotenv-0.21.1.tar.gz", hash = "sha256:1c93de8f636cde3ce377292818d0e440b6e45a82f215c3744979151fa8151c49", size = 35930 }
wheels = [
    { url = "https://files.pythonhosted.org/packages/64/62/f19d1e9023aacb47241de3ab5a5d5fedf32c78a71a9e365bb2153378c141/python_dotenv-0.21.1-py3-none-any.whl", hash = "sha256:41e12e0318bebc859fcc4d97d4db8d20ad21721a6aa5047dd59f090391cb549a", size = 19284 },
]

[[package]]
name = "python-magic"
version = "0.4.27"
source = { registry = "https://pypi.org/simple" }
sdist = { url = "https://files.pythonhosted.org/packages/da/db/0b3e28ac047452d079d375ec6798bf76a036a08182dbb39ed38116a49130/python-magic-0.4.27.tar.gz", hash = "sha256:c1ba14b08e4a5f5c31a302b7721239695b2f0f058d125bd5ce1ee36b9d9d3c3b", size = 14677 }
wheels = [
    { url = "https://files.pythonhosted.org/packages/6c/73/9f872cb81fc5c3bb48f7227872c28975f998f3e7c2b1c16e95e6432bbb90/python_magic-0.4.27-py2.py3-none-any.whl", hash = "sha256:c212960ad306f700aa0d01e5d7a325d20548ff97eb9920dcd29513174f0294d3", size = 13840 },
]

[[package]]
name = "python-magic-bin"
version = "0.4.14"
source = { registry = "https://pypi.org/simple" }
wheels = [
    { url = "https://files.pythonhosted.org/packages/5a/5d/10b9ac745d9fd2f7151a2ab901e6bb6983dbd70e87c71111f54859d1ca2e/python_magic_bin-0.4.14-py2.py3-none-win32.whl", hash = "sha256:34a788c03adde7608028203e2dbb208f1f62225ad91518787ae26d603ae68892", size = 397784 },
    { url = "https://files.pythonhosted.org/packages/07/c2/094e3d62b906d952537196603a23aec4bcd7c6126bf80eb14e6f9f4be3a2/python_magic_bin-0.4.14-py2.py3-none-win_amd64.whl", hash = "sha256:90be6206ad31071a36065a2fc169c5afb5e0355cbe6030e87641c6c62edc2b69", size = 409299 },
]

[[package]]
name = "requests"
version = "2.32.3"
source = { registry = "https://pypi.org/simple" }
dependencies = [
    { name = "certifi" },
    { name = "charset-normalizer" },
    { name = "idna" },
    { name = "urllib3" },
]
sdist = { url = "https://files.pythonhosted.org/packages/63/70/2bf7780ad2d390a8d301ad0b550f1581eadbd9a20f896afe06353c2a2913/requests-2.32.3.tar.gz", hash = "sha256:55365417734eb18255590a9ff9eb97e9e1da868d4ccd6402399eaf68af20a760", size = 131218 }
wheels = [
    { url = "https://files.pythonhosted.org/packages/f9/9b/335f9764261e915ed497fcdeb11df5dfd6f7bf257d4a6a2a686d80da4d54/requests-2.32.3-py3-none-any.whl", hash = "sha256:70761cfe03c773ceb22aa2f671b4757976145175cdfca038c02654d061d6dcc6", size = 64928 },
]

[[package]]
name = "six"
version = "1.17.0"
source = { registry = "https://pypi.org/simple" }
sdist = { url = "https://files.pythonhosted.org/packages/94/e7/b2c673351809dca68a0e064b6af791aa332cf192da575fd474ed7d6f16a2/six-1.17.0.tar.gz", hash = "sha256:ff70335d468e7eb6ec65b95b99d3a2836546063f63acc5171de367e834932a81", size = 34031 }
wheels = [
    { url = "https://files.pythonhosted.org/packages/b7/ce/149a00dd41f10bc29e5921b496af8b574d8413afcd5e30dfa0ed46c2cc5e/six-1.17.0-py2.py3-none-any.whl", hash = "sha256:4721f391ed90541fddacab5acf947aa0d3dc7d27b2e1e8eda2be8970586c3274", size = 11050 },
]

[[package]]
name = "soupsieve"
version = "2.6"
source = { registry = "https://pypi.org/simple" }
sdist = { url = "https://files.pythonhosted.org/packages/d7/ce/fbaeed4f9fb8b2daa961f90591662df6a86c1abf25c548329a86920aedfb/soupsieve-2.6.tar.gz", hash = "sha256:e2e68417777af359ec65daac1057404a3c8a5455bb8abc36f1a9866ab1a51abb", size = 101569 }
wheels = [
    { url = "https://files.pythonhosted.org/packages/d1/c2/fe97d779f3ef3b15f05c94a2f1e3d21732574ed441687474db9d342a7315/soupsieve-2.6-py3-none-any.whl", hash = "sha256:e72c4ff06e4fb6e4b5a9f0f55fe6e81514581fca1515028625d0f299c602ccc9", size = 36186 },
]

[[package]]
name = "sqlalchemy"
version = "1.4.54"
source = { registry = "https://pypi.org/simple" }
dependencies = [
    { name = "greenlet", marker = "platform_machine == 'AMD64' or platform_machine == 'WIN32' or platform_machine == 'aarch64' or platform_machine == 'amd64' or platform_machine == 'ppc64le' or platform_machine == 'win32' or platform_machine == 'x86_64'" },
]
sdist = { url = "https://files.pythonhosted.org/packages/ce/af/20290b55d469e873cba9d41c0206ab5461ff49d759989b3fe65010f9d265/sqlalchemy-1.4.54.tar.gz", hash = "sha256:4470fbed088c35dc20b78a39aaf4ae54fe81790c783b3264872a0224f437c31a", size = 8470350 }
wheels = [
    { url = "https://files.pythonhosted.org/packages/a5/1b/aa9b99be95d1615f058b5827447c18505b7b3f1dfcbd6ce1b331c2107152/SQLAlchemy-1.4.54-cp312-cp312-macosx_10_9_universal2.whl", hash = "sha256:3f01c2629a7d6b30d8afe0326b8c649b74825a0e1ebdcb01e8ffd1c920deb07d", size = 1589983 },
    { url = "https://files.pythonhosted.org/packages/59/47/cb0fc64e5344f0a3d02216796c342525ab283f8f052d1c31a1d487d08aa0/SQLAlchemy-1.4.54-cp312-cp312-manylinux_2_17_aarch64.manylinux2014_aarch64.whl", hash = "sha256:9c24dd161c06992ed16c5e528a75878edbaeced5660c3db88c820f1f0d3fe1f4", size = 1630158 },
    { url = "https://files.pythonhosted.org/packages/c0/8b/f45dd378f6c97e8ff9332ff3d03ecb0b8c491be5bb7a698783b5a2f358ec/SQLAlchemy-1.4.54-cp312-cp312-manylinux_2_5_x86_64.manylinux1_x86_64.manylinux_2_17_x86_64.manylinux2014_x86_64.whl", hash = "sha256:b5e0d47d619c739bdc636bbe007da4519fc953393304a5943e0b5aec96c9877c", size = 1629232 },
    { url = "https://files.pythonhosted.org/packages/0d/3c/884fe389f5bec86a310b81e79abaa1e26e5d78dc10a84d544a6822833e47/SQLAlchemy-1.4.54-cp312-cp312-win32.whl", hash = "sha256:12bc0141b245918b80d9d17eca94663dbd3f5266ac77a0be60750f36102bbb0f", size = 1592027 },
    { url = "https://files.pythonhosted.org/packages/01/c3/c690d037be57efd3a69cde16a2ef1bd2a905dafe869434d33836de0983d0/SQLAlchemy-1.4.54-cp312-cp312-win_amd64.whl", hash = "sha256:f941aaf15f47f316123e1933f9ea91a6efda73a161a6ab6046d1cde37be62c88", size = 1593827 },
]

[[package]]
name = "tootly"
version = "1.8.0"
source = { virtual = "." }
dependencies = [
    { name = "beautifulsoup4" },
    { name = "lxml" },
    { name = "mastodon-py" },
    { name = "pydantic" },
    { name = "python-dotenv" },
    { name = "requests" },
    { name = "sqlalchemy" },
]

[package.metadata]
requires-dist = [
    { name = "beautifulsoup4", specifier = ">=4.11.1,<5.0.0" },
    { name = "lxml", specifier = ">=4.9.0,<5.0.0" },
    { name = "mastodon-py", specifier = ">=1.5.2,<2.0.0" },
    { name = "pydantic", specifier = ">=1.9.1,<2.0.0" },
    { name = "python-dotenv", specifier = ">=0.20.0,<1.0.0" },
    { name = "requests", specifier = ">=2.28.0,<3.0.0" },
    { name = "sqlalchemy", specifier = ">=1.4.39,<2.0.0" },
]

[package.metadata.requires-dev]
dev = []

[[package]]
name = "typing-extensions"
version = "4.13.2"
source = { registry = "https://pypi.org/simple" }
sdist = { url = "https://files.pythonhosted.org/packages/f6/37/23083fcd6e35492953e8d2aaaa68b860eb422b34627b13f2ce3eb6106061/typing_extensions-4.13.2.tar.gz", hash = "sha256:e6c81219bd689f51865d9e372991c540bda33a0379d5573cddb9a3a23f7caaef", size = 106967 }
wheels = [
    { url = "https://files.pythonhosted.org/packages/8b/54/b1ae86c0973cc6f0210b53d508ca3641fb6d0c56823f288d108bc7ab3cc8/typing_extensions-4.13.2-py3-none-any.whl", hash = "sha256:a439e7c04b49fec3e5d3e2beaa21755cadbbdc391694e28ccdd36ca4a1408f8c", size = 45806 },
]

[[package]]
name = "urllib3"
version = "2.4.0"
source = { registry = "https://pypi.org/simple" }
sdist = { url = "https://files.pythonhosted.org/packages/8a/78/16493d9c386d8e60e442a35feac5e00f0913c0f4b7c217c11e8ec2ff53e0/urllib3-2.4.0.tar.gz", hash = "sha256:414bc6535b787febd7567804cc015fee39daab8ad86268f1310a9250697de466", size = 390672 }
wheels = [
    { url = "https://files.pythonhosted.org/packages/6b/11/cc635220681e93a0183390e26485430ca2c7b5f9d33b15c74c2861cb8091/urllib3-2.4.0-py3-none-any.whl", hash = "sha256:4e16665048960a0900c702d4a66415956a584919c03361cac9f1df5c5dd7e813", size = 128680 },
]
